// !$*UTF8*$!
{
	archiveVersion = 1;
	classes = {
	};
	objectVersion = 77;
	objects = {

/* Begin PBXBuildFile section */
		993E6A142F5A8E2300B382DB /* NIO in Frameworks */ = {isa = PBXBuildFile; productRef = 993E6A132F5A8E2300B382DB /* NIO */; };
		993E6A162F5A8E2300B382DB /* NIOCore in Frameworks */ = {isa = PBXBuildFile; productRef = 993E6A152F5A8E2300B382DB /* NIOCore */; };
		993E6A182F5A8E2300B382DB /* NIOHTTP1 in Frameworks */ = {isa = PBXBuildFile; productRef = 993E6A172F5A8E2300B382DB /* NIOHTTP1 */; };
		993E6A1A2F5A8E2300B382DB /* NIOPosix in Frameworks */ = {isa = PBXBuildFile; productRef = 993E6A192F5A8E2300B382DB /* NIOPosix */; };
		993E6A1D2F5A8E8600B382DB /* AsyncHTTPClient in Frameworks */ = {isa = PBXBuildFile; productRef = 993E6A1C2F5A8E8600B382DB /* AsyncHTTPClient */; };
/* End PBXBuildFile section */

/* Begin PBXContainerItemProxy section */
		993E69F62F5A71AC00B382DB /* PBXContainerItemProxy */ = {
			isa = PBXContainerItemProxy;
			containerPortal = 993E69DE2F5A71A800B382DB /* Project object */;
			proxyType = 1;
			remoteGlobalIDString = 993E69E52F5A71A800B382DB;
			remoteInfo = ModelProxy;
		};
		993E6A002F5A71AC00B382DB /* PBXContainerItemProxy */ = {
			isa = PBXContainerItemProxy;
			containerPortal = 993E69DE2F5A71A800B382DB /* Project object */;
			proxyType = 1;
			remoteGlobalIDString = 993E69E52F5A71A800B382DB;
			remoteInfo = ModelProxy;
		};
/* End PBXContainerItemProxy section */

/* Begin PBXFileReference section */
		993E69E62F5A71A800B382DB /* ModelProxy.app */ = {isa = PBXFileReference; explicitFileType = wrapper.application; includeInIndex = 0; path = ModelProxy.app; sourceTree = BUILT_PRODUCTS_DIR; };
		993E69F52F5A71AC00B382DB /* ModelProxyTests.xctest */ = {isa = PBXFileReference; explicitFileType = wrapper.cfbundle; includeInIndex = 0; path = ModelProxyTests.xctest; sourceTree = BUILT_PRODUCTS_DIR; };
		993E69FF2F5A71AC00B382DB /* ModelProxyUITests.xctest */ = {isa = PBXFileReference; explicitFileType = wrapper.cfbundle; includeInIndex = 0; path = ModelProxyUITests.xctest; sourceTree = BUILT_PRODUCTS_DIR; };
/* End PBXFileReference section */

/* Begin PBXFileSystemSynchronizedBuildFileExceptionSet section */
		996E98132F5C1DA70037799F /* Exceptions for "ModelProxy" folder in "ModelProxy" target */ = {
			isa = PBXFileSystemSynchronizedBuildFileExceptionSet;
			membershipExceptions = (
				Info.plist,
			);
			target = 993E69E52F5A71A800B382DB /* ModelProxy */;
		};
/* End PBXFileSystemSynchronizedBuildFileExceptionSet section */

/* Begin PBXFileSystemSynchronizedRootGroup section */
		993E69E82F5A71A800B382DB /* ModelProxy */ = {
			isa = PBXFileSystemSynchronizedRootGroup;
			exceptions = (
				996E98132F5C1DA70037799F /* Exceptions for "ModelProxy" folder in "ModelProxy" target */,
			);
			path = ModelProxy;
			sourceTree = "<group>";
		};
		993E69F82F5A71AC00B382DB /* ModelProxyTests */ = {
			isa = PBXFileSystemSynchronizedRootGroup;
			path = ModelProxyTests;
			sourceTree = "<group>";
		};
		993E6A022F5A71AC00B382DB /* ModelProxyUITests */ = {
			isa = PBXFileSystemSynchronizedRootGroup;
			path = ModelProxyUITests;
			sourceTree = "<group>";
		};
/* End PBXFileSystemSynchronizedRootGroup section */

/* Begin PBXFrameworksBuildPhase section */
		993E69E32F5A71A800B382DB /* Frameworks */ = {
			isa = PBXFrameworksBuildPhase;
			buildActionMask = 2147483647;
			files = (
				993E6A182F5A8E2300B382DB /* NIOHTTP1 in Frameworks */,
				993E6A1D2F5A8E8600B382DB /* AsyncHTTPClient in Frameworks */,
				993E6A1A2F5A8E2300B382DB /* NIOPosix in Frameworks */,
				993E6A162F5A8E2300B382DB /* NIOCore in Frameworks */,
				993E6A142F5A8E2300B382DB /* NIO in Frameworks */,
			);
			runOnlyForDeploymentPostprocessing = 0;
		};
		993E69F22F5A71AC00B382DB /* Frameworks */ = {
			isa = PBXFrameworksBuildPhase;
			buildActionMask = 2147483647;
			files = (
			);
			runOnlyForDeploymentPostprocessing = 0;
		};
		993E69FC2F5A71AC00B382DB /* Frameworks */ = {
			isa = PBXFrameworksBuildPhase;
			buildActionMask = 2147483647;
			files = (
			);
			runOnlyForDeploymentPostprocessing = 0;
		};
/* End PBXFrameworksBuildPhase section */

/* Begin PBXGroup section */
		993E69DD2F5A71A800B382DB = {
			isa = PBXGroup;
			children = (
				993E69E82F5A71A800B382DB /* ModelProxy */,
				993E69F82F5A71AC00B382DB /* ModelProxyTests */,
				993E6A022F5A71AC00B382DB /* ModelProxyUITests */,
				993E69E72F5A71A800B382DB /* Products */,
			);
			sourceTree = "<group>";
		};
		993E69E72F5A71A800B382DB /* Products */ = {
			isa = PBXGroup;
			children = (
				993E69E62F5A71A800B382DB /* ModelProxy.app */,
				993E69F52F5A71AC00B382DB /* ModelProxyTests.xctest */,
				993E69FF2F5A71AC00B382DB /* ModelProxyUITests.xctest */,
			);
			name = Products;
			sourceTree = "<group>";
		};
/* End PBXGroup section */

/* Begin PBXNativeTarget section */
		993E69E52F5A71A800B382DB /* ModelProxy */ = {
			isa = PBXNativeTarget;
			buildConfigurationList = 993E6A092F5A71AC00B382DB /* Build configuration list for PBXNativeTarget "ModelProxy" */;
			buildPhases = (
				993E69E22F5A71A800B382DB /* Sources */,
				993E69E32F5A71A800B382DB /* Frameworks */,
				993E69E42F5A71A800B382DB /* Resources */,
			);
			buildRules = (
			);
			dependencies = (
			);
			fileSystemSynchronizedGroups = (
				993E69E82F5A71A800B382DB /* ModelProxy */,
			);
			name = ModelProxy;
			packageProductDependencies = (
				993E6A132F5A8E2300B382DB /* NIO */,
				993E6A152F5A8E2300B382DB /* NIOCore */,
				993E6A172F5A8E2300B382DB /* NIOHTTP1 */,
				993E6A192F5A8E2300B382DB /* NIOPosix */,
				993E6A1C2F5A8E8600B382DB /* AsyncHTTPClient */,
			);
			productName = ModelProxy;
			productReference = 993E69E62F5A71A800B382DB /* ModelProxy.app */;
			productType = "com.apple.product-type.application";
		};
		993E69F42F5A71AC00B382DB /* ModelProxyTests */ = {
			isa = PBXNativeTarget;
			buildConfigurationList = 993E6A0C2F5A71AC00B382DB /* Build configuration list for PBXNativeTarget "ModelProxyTests" */;
			buildPhases = (
				993E69F12F5A71AC00B382DB /* Sources */,
				993E69F22F5A71AC00B382DB /* Frameworks */,
				993E69F32F5A71AC00B382DB /* Resources */,
			);
			buildRules = (
			);
			dependencies = (
				993E69F72F5A71AC00B382DB /* PBXTargetDependency */,
			);
			fileSystemSynchronizedGroups = (
				993E69F82F5A71AC00B382DB /* ModelProxyTests */,
			);
			name = ModelProxyTests;
			packageProductDependencies = (
			);
			productName = ModelProxyTests;
			productReference = 993E69F52F5A71AC00B382DB /* ModelProxyTests.xctest */;
			productType = "com.apple.product-type.bundle.unit-test";
		};
		993E69FE2F5A71AC00B382DB /* ModelProxyUITests */ = {
			isa = PBXNativeTarget;
			buildConfigurationList = 993E6A0F2F5A71AC00B382DB /* Build configuration list for PBXNativeTarget "ModelProxyUITests" */;
			buildPhases = (
				993E69FB2F5A71AC00B382DB /* Sources */,
				993E69FC2F5A71AC00B382DB /* Frameworks */,
				993E69FD2F5A71AC00B382DB /* Resources */,
			);
			buildRules = (
			);
			dependencies = (
				993E6A012F5A71AC00B382DB /* PBXTargetDependency */,
			);
			fileSystemSynchronizedGroups = (
				993E6A022F5A71AC00B382DB /* ModelProxyUITests */,
			);
			name = ModelProxyUITests;
			packageProductDependencies = (
			);
			productName = ModelProxyUITests;
			productReference = 993E69FF2F5A71AC00B382DB /* ModelProxyUITests.xctest */;
			productType = "com.apple.product-type.bundle.ui-testing";
		};
/* End PBXNativeTarget section */

/* Begin PBXProject section */
		993E69DE2F5A71A800B382DB /* Project object */ = {
			isa = PBXProject;
			attributes = {
				BuildIndependentTargetsInParallel = 1;
				LastSwiftUpdateCheck = 2630;
				LastUpgradeCheck = 2630;
				TargetAttributes = {
					993E69E52F5A71A800B382DB = {
						CreatedOnToolsVersion = 26.3;
					};
					993E69F42F5A71AC00B382DB = {
						CreatedOnToolsVersion = 26.3;
						TestTargetID = 993E69E52F5A71A800B382DB;
					};
					993E69FE2F5A71AC00B382DB = {
						CreatedOnToolsVersion = 26.3;
						TestTargetID = 993E69E52F5A71A800B382DB;
					};
				};
			};
			buildConfigurationList = 993E69E12F5A71A800B382DB /* Build configuration list for PBXProject "ModelProxy" */;
			developmentRegion = en;
			hasScannedForEncodings = 0;
			knownRegions = (
				en,
				Base,
			);
			mainGroup = 993E69DD2F5A71A800B382DB;
			minimizedProjectReferenceProxies = 1;
			packageReferences = (
				993E6A122F5A8E2300B382DB /* XCRemoteSwiftPackageReference "swift-nio" */,
				993E6A1B2F5A8E8600B382DB /* XCRemoteSwiftPackageReference "async-http-client" */,
			);
			preferredProjectObjectVersion = 77;
			productRefGroup = 993E69E72F5A71A800B382DB /* Products */;
			projectDirPath = "";
			projectRoot = "";
			targets = (
				993E69E52F5A71A800B382DB /* ModelProxy */,
				993E69F42F5A71AC00B382DB /* ModelProxyTests */,
				993E69FE2F5A71AC00B382DB /* ModelProxyUITests */,
			);
		};
/* End PBXProject section */

/* Begin PBXResourcesBuildPhase section */
		993E69E42F5A71A800B382DB /* Resources */ = {
			isa = PBXResourcesBuildPhase;
			buildActionMask = 2147483647;
			files = (
			);
			runOnlyForDeploymentPostprocessing = 0;
		};
		993E69F32F5A71AC00B382DB /* Resources */ = {
			isa = PBXResourcesBuildPhase;
			buildActionMask = 2147483647;
			files = (
			);
			runOnlyForDeploymentPostprocessing = 0;
		};
		993E69FD2F5A71AC00B382DB /* Resources */ = {
			isa = PBXResourcesBuildPhase;
			buildActionMask = 2147483647;
			files = (
			);
			runOnlyForDeploymentPostprocessing = 0;
		};
/* End PBXResourcesBuildPhase section */

/* Begin PBXSourcesBuildPhase section */
		993E69E22F5A71A800B382DB /* Sources */ = {
			isa = PBXSourcesBuildPhase;
			buildActionMask = 2147483647;
			files = (
			);
			runOnlyForDeploymentPostprocessing = 0;
		};
		993E69F12F5A71AC00B382DB /* Sources */ = {
			isa = PBXSourcesBuildPhase;
			buildActionMask = 2147483647;
			files = (
			);
			runOnlyForDeploymentPostprocessing = 0;
		};
		993E69FB2F5A71AC00B382DB /* Sources */ = {
			isa = PBXSourcesBuildPhase;
			buildActionMask = 2147483647;
			files = (
			);
			runOnlyForDeploymentPostprocessing = 0;
		};
/* End PBXSourcesBuildPhase section */

/* Begin PBXTargetDependency section */
		993E69F72F5A71AC00B382DB /* PBXTargetDependency */ = {
			isa = PBXTargetDependency;
			target = 993E69E52F5A71A800B382DB /* ModelProxy */;
			targetProxy = 993E69F62F5A71AC00B382DB /* PBXContainerItemProxy */;
		};
		993E6A012F5A71AC00B382DB /* PBXTargetDependency */ = {
			isa = PBXTargetDependency;
			target = 993E69E52F5A71A800B382DB /* ModelProxy */;
			targetProxy = 993E6A002F5A71AC00B382DB /* PBXContainerItemProxy */;
		};
/* End PBXTargetDependency section */

/* Begin XCBuildConfiguration section */
		993E6A072F5A71AC00B382DB /* Debug */ = {
			isa = XCBuildConfiguration;
			buildSettings = {
				ALWAYS_SEARCH_USER_PATHS = NO;
				ASSETCATALOG_COMPILER_GENERATE_SWIFT_ASSET_SYMBOL_EXTENSIONS = YES;
				CLANG_ANALYZER_NONNULL = YES;
				CLANG_ANALYZER_NUMBER_OBJECT_CONVERSION = YES_AGGRESSIVE;
				CLANG_CXX_LANGUAGE_STANDARD = "gnu++20";
				CLANG_ENABLE_MODULES = YES;
				CLANG_ENABLE_OBJC_ARC = YES;
				CLANG_ENABLE_OBJC_WEAK = YES;
				CLANG_WARN_BLOCK_CAPTURE_AUTORELEASING = YES;
				CLANG_WARN_BOOL_CONVERSION = YES;
				CLANG_WARN_COMMA = YES;
				CLANG_WARN_CONSTANT_CONVERSION = YES;
				CLANG_WARN_DEPRECATED_OBJC_IMPLEMENTATIONS = YES;
				CLANG_WARN_DIRECT_OBJC_ISA_USAGE = YES_ERROR;
				CLANG_WARN_DOCUMENTATION_COMMENTS = YES;
				CLANG_WARN_EMPTY_BODY = YES;
				CLANG_WARN_ENUM_CONVERSION = YES;
				CLANG_WARN_INFINITE_RECURSION = YES;
				CLANG_WARN_INT_CONVERSION = YES;
				CLANG_WARN_NON_LITERAL_NULL_CONVERSION = YES;
				CLANG_WARN_OBJC_IMPLICIT_RETAIN_SELF = YES;
				CLANG_WARN_OBJC_LITERAL_CONVERSION = YES;
				CLANG_WARN_OBJC_ROOT_CLASS = YES_ERROR;
				CLANG_WARN_QUOTED_INCLUDE_IN_FRAMEWORK_HEADER = YES;
				CLANG_WARN_RANGE_LOOP_ANALYSIS = YES;
				CLANG_WARN_STRICT_PROTOTYPES = YES;
				CLANG_WARN_SUSPICIOUS_MOVE = YES;
				CLANG_WARN_UNGUARDED_AVAILABILITY = YES_AGGRESSIVE;
				CLANG_WARN_UNREACHABLE_CODE = YES;
				CLANG_WARN__DUPLICATE_METHOD_MATCH = YES;
				COPY_PHASE_STRIP = NO;
				DEBUG_INFORMATION_FORMAT = dwarf;
				DEVELOPMENT_TEAM = 2JXYA862GQ;
				ENABLE_STRICT_OBJC_MSGSEND = YES;
				ENABLE_TESTABILITY = YES;
				ENABLE_USER_SCRIPT_SANDBOXING = YES;
				GCC_C_LANGUAGE_STANDARD = gnu17;
				GCC_DYNAMIC_NO_PIC = NO;
				GCC_NO_COMMON_BLOCKS = YES;
				GCC_OPTIMIZATION_LEVEL = 0;
				GCC_PREPROCESSOR_DEFINITIONS = (
					"DEBUG=1",
					"$(inherited)",
				);
				GCC_WARN_64_TO_32_BIT_CONVERSION = YES;
				GCC_WARN_ABOUT_RETURN_TYPE = YES_ERROR;
				GCC_WARN_UNDECLARED_SELECTOR = YES;
				GCC_WARN_UNINITIALIZED_AUTOS = YES_AGGRESSIVE;
				GCC_WARN_UNUSED_FUNCTION = YES;
				GCC_WARN_UNUSED_VARIABLE = YES;
				LOCALIZATION_PREFERS_STRING_CATALOGS = YES;
				MACOSX_DEPLOYMENT_TARGET = 15.7;
				MTL_ENABLE_DEBUG_INFO = INCLUDE_SOURCE;
				MTL_FAST_MATH = YES;
				ONLY_ACTIVE_ARCH = YES;
				SDKROOT = macosx;
				SWIFT_ACTIVE_COMPILATION_CONDITIONS = "DEBUG $(inherited)";
				SWIFT_OPTIMIZATION_LEVEL = "-Onone";
			};
			name = Debug;
		};
		993E6A082F5A71AC00B382DB /* Release */ = {
			isa = XCBuildConfiguration;
			buildSettings = {
				ALWAYS_SEARCH_USER_PATHS = NO;
				ASSETCATALOG_COMPILER_GENERATE_SWIFT_ASSET_SYMBOL_EXTENSIONS = YES;
				CLANG_ANALYZER_NONNULL = YES;
				CLANG_ANALYZER_NUMBER_OBJECT_CONVERSION = YES_AGGRESSIVE;
				CLANG_CXX_LANGUAGE_STANDARD = "gnu++20";
				CLANG_ENABLE_MODULES = YES;
				CLANG_ENABLE_OBJC_ARC = YES;
				CLANG_ENABLE_OBJC_WEAK = YES;
				CLANG_WARN_BLOCK_CAPTURE_AUTORELEASING = YES;
				CLANG_WARN_BOOL_CONVERSION = YES;
				CLANG_WARN_COMMA = YES;
				CLANG_WARN_CONSTANT_CONVERSION = YES;
				CLANG_WARN_DEPRECATED_OBJC_IMPLEMENTATIONS = YES;
				CLANG_WARN_DIRECT_OBJC_ISA_USAGE = YES_ERROR;
				CLANG_WARN_DOCUMENTATION_COMMENTS = YES;
				CLANG_WARN_EMPTY_BODY = YES;
				CLANG_WARN_ENUM_CONVERSION = YES;
				CLANG_WARN_INFINITE_RECURSION = YES;
				CLANG_WARN_INT_CONVERSION = YES;
				CLANG_WARN_NON_LITERAL_NULL_CONVERSION = YES;
				CLANG_WARN_OBJC_IMPLICIT_RETAIN_SELF = YES;
				CLANG_WARN_OBJC_LITERAL_CONVERSION = YES;
				CLANG_WARN_OBJC_ROOT_CLASS = YES_ERROR;
				CLANG_WARN_QUOTED_INCLUDE_IN_FRAMEWORK_HEADER = YES;
				CLANG_WARN_RANGE_LOOP_ANALYSIS = YES;
				CLANG_WARN_STRICT_PROTOTYPES = YES;
				CLANG_WARN_SUSPICIOUS_MOVE = YES;
				CLANG_WARN_UNGUARDED_AVAILABILITY = YES_AGGRESSIVE;
				CLANG_WARN_UNREACHABLE_CODE = YES;
				CLANG_WARN__DUPLICATE_METHOD_MATCH = YES;
				COPY_PHASE_STRIP = NO;
				DEBUG_INFORMATION_FORMAT = "dwarf-with-dsym";
				DEVELOPMENT_TEAM = 2JXYA862GQ;
				ENABLE_NS_ASSERTIONS = NO;
				ENABLE_STRICT_OBJC_MSGSEND = YES;
				ENABLE_USER_SCRIPT_SANDBOXING = YES;
				GCC_C_LANGUAGE_STANDARD = gnu17;
				GCC_NO_COMMON_BLOCKS = YES;
				GCC_WARN_64_TO_32_BIT_CONVERSION = YES;
				GCC_WARN_ABOUT_RETURN_TYPE = YES_ERROR;
				GCC_WARN_UNDECLARED_SELECTOR = YES;
				GCC_WARN_UNINITIALIZED_AUTOS = YES_AGGRESSIVE;
				GCC_WARN_UNUSED_FUNCTION = YES;
				GCC_WARN_UNUSED_VARIABLE = YES;
				LOCALIZATION_PREFERS_STRING_CATALOGS = YES;
				MACOSX_DEPLOYMENT_TARGET = 15.7;
				MTL_ENABLE_DEBUG_INFO = NO;
				MTL_FAST_MATH = YES;
				SDKROOT = macosx;
				SWIFT_COMPILATION_MODE = wholemodule;
			};
			name = Release;
		};
		993E6A0A2F5A71AC00B382DB /* Debug */ = {
			isa = XCBuildConfiguration;
			buildSettings = {
				ASSETCATALOG_COMPILER_APPICON_NAME = AppIcon;
				ASSETCATALOG_COMPILER_GLOBAL_ACCENT_COLOR_NAME = AccentColor;
				CODE_SIGN_ENTITLEMENTS = ModelProxy/ModelProxy.entitlements;
				CODE_SIGN_IDENTITY = "Apple Development";
				CODE_SIGN_STYLE = Automatic;
				COMBINE_HIDPI_IMAGES = YES;
				CURRENT_PROJECT_VERSION = 2;
				DEVELOPMENT_TEAM = 2JXYA862GQ;
				ENABLE_APP_SANDBOX = YES;
				ENABLE_HARDENED_RUNTIME = YES;
				ENABLE_PREVIEWS = YES;
				ENABLE_USER_SELECTED_FILES = readonly;
				GENERATE_INFOPLIST_FILE = YES;
				INFOPLIST_FILE = ModelProxy/Info.plist;
				INFOPLIST_KEY_CFBundleDisplayName = "Model Proxy";
				INFOPLIST_KEY_ITSAppUsesNonExemptEncryption = NO;
				INFOPLIST_KEY_LSApplicationCategoryType = "public.app-category.utilities";
				INFOPLIST_KEY_LSUIElement = YES;
				INFOPLIST_KEY_NSHumanReadableCopyright = "";
				LD_RUNPATH_SEARCH_PATHS = (
					"$(inherited)",
					"@executable_path/../Frameworks",
				);
				MACOSX_DEPLOYMENT_TARGET = 15.6;
				MARKETING_VERSION = 2.5;
				PRODUCT_BUNDLE_IDENTIFIER = com.90percent.ModelProxy;
				PRODUCT_NAME = "$(TARGET_NAME)";
				PROVISIONING_PROFILE_SPECIFIER = "";
				REGISTER_APP_GROUPS = YES;
				STRING_CATALOG_GENERATE_SYMBOLS = YES;
				SWIFT_APPROACHABLE_CONCURRENCY = YES;
				SWIFT_DEFAULT_ACTOR_ISOLATION = MainActor;
				SWIFT_EMIT_LOC_STRINGS = YES;
				SWIFT_UPCOMING_FEATURE_MEMBER_IMPORT_VISIBILITY = YES;
				SWIFT_VERSION = 5.0;
			};
			name = Debug;
		};
		993E6A0B2F5A71AC00B382DB /* Release */ = {
			isa = XCBuildConfiguration;
			buildSettings = {
				ASSETCATALOG_COMPILER_APPICON_NAME = AppIcon;
				ASSETCATALOG_COMPILER_GLOBAL_ACCENT_COLOR_NAME = AccentColor;
				CODE_SIGN_ENTITLEMENTS = ModelProxy/ModelProxy.entitlements;
				CODE_SIGN_IDENTITY = "Apple Development";
				CODE_SIGN_STYLE = Automatic;
				COMBINE_HIDPI_IMAGES = YES;
				CURRENT_PROJECT_VERSION = 2;
				DEVELOPMENT_TEAM = 2JXYA862GQ;
				ENABLE_APP_SANDBOX = YES;
				ENABLE_HARDENED_RUNTIME = YES;
				ENABLE_PREVIEWS = YES;
				ENABLE_USER_SELECTED_FILES = readonly;
				GENERATE_INFOPLIST_FILE = YES;
				INFOPLIST_FILE = ModelProxy/Info.plist;
				INFOPLIST_KEY_CFBundleDisplayName = "Model Proxy";
				INFOPLIST_KEY_ITSAppUsesNonExemptEncryption = NO;
				INFOPLIST_KEY_LSApplicationCategoryType = "public.app-category.utilities";
				INFOPLIST_KEY_LSUIElement = YES;
				INFOPLIST_KEY_NSHumanReadableCopyright = "";
				LD_RUNPATH_SEARCH_PATHS = (
					"$(inherited)",
					"@executable_path/../Frameworks",
				);
				MACOSX_DEPLOYMENT_TARGET = 15.6;
				MARKETING_VERSION = 2.5;
				PRODUCT_BUNDLE_IDENTIFIER = com.90percent.ModelProxy;
				PRODUCT_NAME = "$(TARGET_NAME)";
				PROVISIONING_PROFILE_SPECIFIER = "";
				REGISTER_APP_GROUPS = YES;
				STRING_CATALOG_GENERATE_SYMBOLS = YES;
				SWIFT_APPROACHABLE_CONCURRENCY = YES;
				SWIFT_DEFAULT_ACTOR_ISOLATION = MainActor;
				SWIFT_EMIT_LOC_STRINGS = YES;
				SWIFT_UPCOMING_FEATURE_MEMBER_IMPORT_VISIBILITY = YES;
				SWIFT_VERSION = 5.0;
			};
			name = Release;
		};
		993E6A0D2F5A71AC00B382DB /* Debug */ = {
			isa = XCBuildConfiguration;
			buildSettings = {
				BUNDLE_LOADER = "$(TEST_HOST)";
				CODE_SIGN_STYLE = Automatic;
				CURRENT_PROJECT_VERSION = 2;
				DEVELOPMENT_TEAM = 2JXYA862GQ;
				GENERATE_INFOPLIST_FILE = YES;
				MACOSX_DEPLOYMENT_TARGET = 15.6;
				MARKETING_VERSION = 1.0;
				PRODUCT_BUNDLE_IDENTIFIER = com.90percent.ModelProxyTests;
				PRODUCT_NAME = "$(TARGET_NAME)";
				STRING_CATALOG_GENERATE_SYMBOLS = NO;
				SWIFT_APPROACHABLE_CONCURRENCY = YES;
				SWIFT_EMIT_LOC_STRINGS = NO;
				SWIFT_UPCOMING_FEATURE_MEMBER_IMPORT_VISIBILITY = YES;
				SWIFT_VERSION = 5.0;
				TEST_HOST = "$(BUILT_PRODUCTS_DIR)/ModelProxy.app/$(BUNDLE_EXECUTABLE_FOLDER_PATH)/ModelProxy";
			};
			name = Debug;
		};
		993E6A0E2F5A71AC00B382DB /* Release */ = {
			isa = XCBuildConfiguration;
			buildSettings = {
				BUNDLE_LOADER = "$(TEST_HOST)";
				CODE_SIGN_STYLE = Automatic;
				CURRENT_PROJECT_VERSION = 2;
				DEVELOPMENT_TEAM = 2JXYA862GQ;
				GENERATE_INFOPLIST_FILE = YES;
				MACOSX_DEPLOYMENT_TARGET = 15.6;
				MARKETING_VERSION = 1.0;
				PRODUCT_BUNDLE_IDENTIFIER = com.90percent.ModelProxyTests;
				PRODUCT_NAME = "$(TARGET_NAME)";
				STRING_CATALOG_GENERATE_SYMBOLS = NO;
				SWIFT_APPROACHABLE_CONCURRENCY = YES;
				SWIFT_EMIT_LOC_STRINGS = NO;
				SWIFT_UPCOMING_FEATURE_MEMBER_IMPORT_VISIBILITY = YES;
				SWIFT_VERSION = 5.0;
				TEST_HOST = "$(BUILT_PRODUCTS_DIR)/ModelProxy.app/$(BUNDLE_EXECUTABLE_FOLDER_PATH)/ModelProxy";
			};
			name = Release;
		};
		993E6A102F5A71AC00B382DB /* Debug */ = {
			isa = XCBuildConfiguration;
			buildSettings = {
				CODE_SIGN_STYLE = Automatic;
				CURRENT_PROJECT_VERSION = 2;
				DEVELOPMENT_TEAM = 2JXYA862GQ;
				GENERATE_INFOPLIST_FILE = YES;
				MACOSX_DEPLOYMENT_TARGET = 15.6;
				MARKETING_VERSION = 1.0;
				PRODUCT_BUNDLE_IDENTIFIER = com.90percent.ModelProxyUITests;
				PRODUCT_NAME = "$(TARGET_NAME)";
				STRING_CATALOG_GENERATE_SYMBOLS = NO;
				SWIFT_APPROACHABLE_CONCURRENCY = YES;
				SWIFT_EMIT_LOC_STRINGS = NO;
				SWIFT_UPCOMING_FEATURE_MEMBER_IMPORT_VISIBILITY = YES;
				SWIFT_VERSION = 5.0;
				TEST_TARGET_NAME = ModelProxy;
			};
			name = Debug;
		};
		993E6A112F5A71AC00B382DB /* Release */ = {
			isa = XCBuildConfiguration;
			buildSettings = {
				CODE_SIGN_STYLE = Automatic;
				CURRENT_PROJECT_VERSION = 2;
				DEVELOPMENT_TEAM = 2JXYA862GQ;
				GENERATE_INFOPLIST_FILE = YES;
				MACOSX_DEPLOYMENT_TARGET = 15.6;
				MARKETING_VERSION = 1.0;
				PRODUCT_BUNDLE_IDENTIFIER = com.90percent.ModelProxyUITests;
				PRODUCT_NAME = "$(TARGET_NAME)";
				STRING_CATALOG_GENERATE_SYMBOLS = NO;
				SWIFT_APPROACHABLE_CONCURRENCY = YES;
				SWIFT_EMIT_LOC_STRINGS = NO;
				SWIFT_UPCOMING_FEATURE_MEMBER_IMPORT_VISIBILITY = YES;
				SWIFT_VERSION = 5.0;
				TEST_TARGET_NAME = ModelProxy;
			};
			name = Release;
		};
/* End XCBuildConfiguration section */

/* Begin XCConfigurationList section */
		993E69E12F5A71A800B382DB /* Build configuration list for PBXProject "ModelProxy" */ = {
			isa = XCConfigurationList;
			buildConfigurations = (
				993E6A072F5A71AC00B382DB /* Debug */,
				993E6A082F5A71AC00B382DB /* Release */,
			);
			defaultConfigurationIsVisible = 0;
			defaultConfigurationName = Release;
		};
		993E6A092F5A71AC00B382DB /* Build configuration list for PBXNativeTarget "ModelProxy" */ = {
			isa = XCConfigurationList;
			buildConfigurations = (
				993E6A0A2F5A71AC00B382DB /* Debug */,
				993E6A0B2F5A71AC00B382DB /* Release */,
			);
			defaultConfigurationIsVisible = 0;
			defaultConfigurationName = Release;
		};
		993E6A0C2F5A71AC00B382DB /* Build configuration list for PBXNativeTarget "ModelProxyTests" */ = {
			isa = XCConfigurationList;
			buildConfigurations = (
				993E6A0D2F5A71AC00B382DB /* Debug */,
				993E6A0E2F5A71AC00B382DB /* Release */,
			);
			defaultConfigurationIsVisible = 0;
			defaultConfigurationName = Release;
		};
		993E6A0F2F5A71AC00B382DB /* Build configuration list for PBXNativeTarget "ModelProxyUITests" */ = {
			isa = XCConfigurationList;
			buildConfigurations = (
				993E6A102F5A71AC00B382DB /* Debug */,
				993E6A112F5A71AC00B382DB /* Release */,
			);
			defaultConfigurationIsVisible = 0;
			defaultConfigurationName = Release;
		};
/* End XCConfigurationList section */

/* Begin XCRemoteSwiftPackageReference section */
		993E6A122F5A8E2300B382DB /* XCRemoteSwiftPackageReference "swift-nio" */ = {
			isa = XCRemoteSwiftPackageReference;
			repositoryURL = "https://github.com/apple/swift-nio.git";
			requirement = {
				kind = upToNextMajorVersion;
				minimumVersion = 2.95.0;
			};
		};
		993E6A1B2F5A8E8600B382DB /* XCRemoteSwiftPackageReference "async-http-client" */ = {
			isa = XCRemoteSwiftPackageReference;
			repositoryURL = "https://github.com/swift-server/async-http-client.git";
			requirement = {
				kind = upToNextMajorVersion;
				minimumVersion = 1.32.0;
			};
		};
/* End XCRemoteSwiftPackageReference section */

/* Begin XCSwiftPackageProductDependency section */
		993E6A132F5A8E2300B382DB /* NIO */ = {
			isa = XCSwiftPackageProductDependency;
			package = 993E6A122F5A8E2300B382DB /* XCRemoteSwiftPackageReference "swift-nio" */;
			productName = NIO;
		};
		993E6A152F5A8E2300B382DB /* NIOCore */ = {
			isa = XCSwiftPackageProductDependency;
			package = 993E6A122F5A8E2300B382DB /* XCRemoteSwiftPackageReference "swift-nio" */;
			productName = NIOCore;
		};
		993E6A172F5A8E2300B382DB /* NIOHTTP1 */ = {
			isa = XCSwiftPackageProductDependency;
			package = 993E6A122F5A8E2300B382DB /* XCRemoteSwiftPackageReference "swift-nio" */;
			productName = NIOHTTP1;
		};
		993E6A192F5A8E2300B382DB /* NIOPosix */ = {
			isa = XCSwiftPackageProductDependency;
			package = 993E6A122F5A8E2300B382DB /* XCRemoteSwiftPackageReference "swift-nio" */;
			productName = NIOPosix;
		};
		993E6A1C2F5A8E8600B382DB /* AsyncHTTPClient */ = {
			isa = XCSwiftPackageProductDependency;
			package = 993E6A1B2F5A8E8600B382DB /* XCRemoteSwiftPackageReference "async-http-client" */;
			productName = AsyncHTTPClient;
		};
/* End XCSwiftPackageProductDependency section */
	};
	rootObject = 993E69DE2F5A71A800B382DB /* Project object */;
}
